
Microsoft Visual Studio Solution File, Format Version 12.00
# Visual Studio Version 17
VisualStudioVersion = 17.7.33828.571
MinimumVisualStudioVersion = 10.0.40219.1
Project("{151D2E53-A2C4-4D7D-83FE-D05416EBD58E}") = "vs-newscript", "vs-newscript\vs-newscript.deployproj", "{6CE126E4-F16E-411A-B2C9-DE1EF1668B77}"
EndProject
Global
	GlobalSection(SolutionConfigurationPlatforms) = preSolution
		Debug|Any CPU = Debug|Any CPU
		Release|Any CPU = Release|Any CPU
	EndGlobalSection
	GlobalSection(ProjectConfigurationPlatforms) = postSolution
		{6CE126E4-F16E-411A-B2C9-DE1EF1668B77}.Debug|Any CPU.ActiveCfg = Debug|Any CPU
		{6CE126E4-F16E-411A-B2C9-DE1EF1668B77}.Debug|Any CPU.Build.0 = Debug|Any CPU
		{6CE126E4-F16E-411A-B2C9-DE1EF1668B77}.Release|Any CPU.ActiveCfg = Release|Any CPU
		{6CE126E4-F16E-411A-B2C9-DE1EF1668B77}.Release|Any CPU.Build.0 = Release|Any CPU
	EndGlobalSection
	GlobalSection(SolutionProperties) = preSolution
		HideSolutionNode = FALSE
	EndGlobalSection
	GlobalSection(ExtensibilityGlobals) = postSolution
		SolutionGuid = {34056E71-7A62-4C9C-8560-11A94B1701E2}
	EndGlobalSection
EndGlobal
